{
  "name": "paint",
  "version": "1.0.0",
  "lockfileVersion": 3,
  "requires": true,
  "packages": {
    "": {
      "name": "paint",
      "version": "1.0.0",
      "license": "ISC",
      "dependencies": {
        "@fontsource-variable/open-sans": "^5.0.4",
        "@fontsource/open-sans": "^5.0.3"
      }
    },
    "node_modules/@fontsource-variable/open-sans": {
      "version": "5.0.4",
      "resolved": "https://registry.npmjs.org/@fontsource-variable/open-sans/-/open-sans-5.0.4.tgz",
      "integrity": "sha512-J0kjck5IzXDf5z3T0MljdWs3fNhOzGzP1AYwmkXtQ9QL8iKvrTDlLvf3erPIyUSqs6YDtQyWrz3yloQt7gLpYg=="
    },
    "node_modules/@fontsource/open-sans": {
      "version": "5.0.3",
      "resolved": "https://registry.npmjs.org/@fontsource/open-sans/-/open-sans-5.0.3.tgz",
      "integrity": "sha512-L86qrEfW7IWSGojCtiPpw2/M6qKjxDG+EV4k1xMVFCkhh6Z6gyZwevqCt0yOvd1BmjrtUAIAfSzFTjBn3DeZJw=="
    }
  }
}
